
Microsoft Visual Studio Solution File, Format Version 12.00
# Visual Studio 2012
Project("{FAE04EC0-301F-11D3-BF4B-00C04F79EFBC}") = "ChatEngine", "Server\ChatEngine\ChatEngine.csproj", "{B3514F3D-2D74-4DCF-BAB0-05FAAAFFDD83}"
	ProjectSection(ProjectDependencies) = postProject
		{CA8044C8-3283-4382-8B47-3CA7972692F9} = {CA8044C8-3283-4382-8B47-3CA7972692F9}
	EndProjectSection
EndProject
Project("{FAE04EC0-301F-11D3-BF4B-00C04F79EFBC}") = "ZoneEngine", "Server\ZoneEngine\ZoneEngine.csproj", "{60385925-84F5-4893-A5E0-C8C1D1190790}"
EndProject
Project("{FAE04EC0-301F-11D3-BF4B-00C04F79EFBC}") = "LoginEngine", "Server\LoginEngine\LoginEngine.csproj", "{CA8044C8-3283-4382-8B47-3CA7972692F9}"
	ProjectSection(ProjectDependencies) = postProject
		{60385925-84F5-4893-A5E0-C8C1D1190790} = {60385925-84F5-4893-A5E0-C8C1D1190790}
	EndProjectSection
EndProject
Project("{2150E333-8FDC-42A3-9474-1A3956D46DE8}") = "Libraries", "Libraries", "{7E3CCEE1-EEFC-48D3-823B-2E7CA4FEE88C}"
EndProject
Project("{FAE04EC0-301F-11D3-BF4B-00C04F79EFBC}") = "Database", "Libraries\Source\Database\Database.csproj", "{63D6C409-58EB-4033-87E0-E0DDA6594075}"
EndProject
Project("{2150E333-8FDC-42A3-9474-1A3956D46DE8}") = "Solution Items", "Solution Items", "{BD319BA9-7666-49DD-9CAE-51C23AC78581}"
	ProjectSection(SolutionItems) = preProject
		SolutionAssemblyInfo.cs = SolutionAssemblyInfo.cs
	EndProjectSection
EndProject
Project("{FAE04EC0-301F-11D3-BF4B-00C04F79EFBC}") = "Utility", "Libraries\Source\Utility\Utility.csproj", "{CB56F285-02AE-4816-9E8A-EC69991400E5}"
EndProject
Project("{FAE04EC0-301F-11D3-BF4B-00C04F79EFBC}") = "SmokeLounge.AOtomation.Messaging", "..\..\AOtomation.Messaging\src\SmokeLounge.AOtomation.Messaging\SmokeLounge.AOtomation.Messaging.csproj", "{3CEAC898-BFCA-45EA-BF34-C4BBB85D2DA4}"
EndProject
Project("{2150E333-8FDC-42A3-9474-1A3956D46DE8}") = ".nuget", ".nuget", "{4E4DA273-F44E-4CCF-BED5-C21784477F8F}"
	ProjectSection(SolutionItems) = preProject
		.nuget\NuGet.Config = .nuget\NuGet.Config
		.nuget\NuGet.exe = .nuget\NuGet.exe
		.nuget\NuGet.targets = .nuget\NuGet.targets
	EndProjectSection
EndProject
Project("{FAE04EC0-301F-11D3-BF4B-00C04F79EFBC}") = "DatabaseTests", "Libraries\Source\Database\DatabaseTests\DatabaseTests.csproj", "{527583DE-BD66-461E-8965-F451A6CBE823}"
EndProject
Project("{FAE04EC0-301F-11D3-BF4B-00C04F79EFBC}") = "CellAO.Core", "Libraries\Source\CellAO.Core\CellAO.Core.csproj", "{8AEF23B2-9E44-40A1-A74E-CF7348B45B62}"
EndProject
Project("{FAE04EC0-301F-11D3-BF4B-00C04F79EFBC}") = "Cell.Core", "Libraries\Source\Cell.Core\Cell.Core.csproj", "{71AB07AD-4D94-4693-8560-47862E5B6E61}"
EndProject
Project("{FAE04EC0-301F-11D3-BF4B-00C04F79EFBC}") = "Exceptions", "Libraries\Source\Exceptions\Exceptions.csproj", "{DDD3B520-1F43-4EEF-A2A9-FC621424090A}"
EndProject
Project("{FAE04EC0-301F-11D3-BF4B-00C04F79EFBC}") = "Cell.Util", "Libraries\Source\Cell.Util\Cell.Util.csproj", "{77D1AEF7-AA59-4B5A-B114-E0C1EBE1B3C9}"
EndProject
Global
	GlobalSection(SolutionConfigurationPlatforms) = preSolution
		Debug|Any CPU = Debug|Any CPU
		Debug|Itanium = Debug|Itanium
		Debug|x64 = Debug|x64
		Debug|x86 = Debug|x86
		Release|Any CPU = Release|Any CPU
		Release|Itanium = Release|Itanium
		Release|x64 = Release|x64
		Release|x86 = Release|x86
	EndGlobalSection
	GlobalSection(ProjectConfigurationPlatforms) = postSolution
		{B3514F3D-2D74-4DCF-BAB0-05FAAAFFDD83}.Debug|Any CPU.ActiveCfg = Debug|Any CPU
		{B3514F3D-2D74-4DCF-BAB0-05FAAAFFDD83}.Debug|Any CPU.Build.0 = Debug|Any CPU
		{B3514F3D-2D74-4DCF-BAB0-05FAAAFFDD83}.Debug|Itanium.ActiveCfg = Debug|Any CPU
		{B3514F3D-2D74-4DCF-BAB0-05FAAAFFDD83}.Debug|x64.ActiveCfg = Debug|Any CPU
		{B3514F3D-2D74-4DCF-BAB0-05FAAAFFDD83}.Debug|x86.ActiveCfg = Debug|Any CPU
		{B3514F3D-2D74-4DCF-BAB0-05FAAAFFDD83}.Release|Any CPU.ActiveCfg = Release|Any CPU
		{B3514F3D-2D74-4DCF-BAB0-05FAAAFFDD83}.Release|Any CPU.Build.0 = Release|Any CPU
		{B3514F3D-2D74-4DCF-BAB0-05FAAAFFDD83}.Release|Itanium.ActiveCfg = Release|Any CPU
		{B3514F3D-2D74-4DCF-BAB0-05FAAAFFDD83}.Release|x64.ActiveCfg = Release|Any CPU
		{B3514F3D-2D74-4DCF-BAB0-05FAAAFFDD83}.Release|x86.ActiveCfg = Release|Any CPU
		{60385925-84F5-4893-A5E0-C8C1D1190790}.Debug|Any CPU.ActiveCfg = Debug|Any CPU
		{60385925-84F5-4893-A5E0-C8C1D1190790}.Debug|Any CPU.Build.0 = Debug|Any CPU
		{60385925-84F5-4893-A5E0-C8C1D1190790}.Debug|Itanium.ActiveCfg = Debug|Any CPU
		{60385925-84F5-4893-A5E0-C8C1D1190790}.Debug|x64.ActiveCfg = Debug|Any CPU
		{60385925-84F5-4893-A5E0-C8C1D1190790}.Debug|x86.ActiveCfg = Debug|Any CPU
		{60385925-84F5-4893-A5E0-C8C1D1190790}.Release|Any CPU.ActiveCfg = Release|Any CPU
		{60385925-84F5-4893-A5E0-C8C1D1190790}.Release|Any CPU.Build.0 = Release|Any CPU
		{60385925-84F5-4893-A5E0-C8C1D1190790}.Release|Itanium.ActiveCfg = Release|Any CPU
		{60385925-84F5-4893-A5E0-C8C1D1190790}.Release|x64.ActiveCfg = Release|Any CPU
		{60385925-84F5-4893-A5E0-C8C1D1190790}.Release|x86.ActiveCfg = Release|Any CPU
		{CA8044C8-3283-4382-8B47-3CA7972692F9}.Debug|Any CPU.ActiveCfg = Debug|Any CPU
		{CA8044C8-3283-4382-8B47-3CA7972692F9}.Debug|Any CPU.Build.0 = Debug|Any CPU
		{CA8044C8-3283-4382-8B47-3CA7972692F9}.Debug|Itanium.ActiveCfg = Debug|Any CPU
		{CA8044C8-3283-4382-8B47-3CA7972692F9}.Debug|x64.ActiveCfg = Debug|Any CPU
		{CA8044C8-3283-4382-8B47-3CA7972692F9}.Debug|x86.ActiveCfg = Debug|Any CPU
		{CA8044C8-3283-4382-8B47-3CA7972692F9}.Release|Any CPU.ActiveCfg = Release|Any CPU
		{CA8044C8-3283-4382-8B47-3CA7972692F9}.Release|Any CPU.Build.0 = Release|Any CPU
		{CA8044C8-3283-4382-8B47-3CA7972692F9}.Release|Itanium.ActiveCfg = Release|Any CPU
		{CA8044C8-3283-4382-8B47-3CA7972692F9}.Release|x64.ActiveCfg = Release|Any CPU
		{CA8044C8-3283-4382-8B47-3CA7972692F9}.Release|x86.ActiveCfg = Release|Any CPU
		{63D6C409-58EB-4033-87E0-E0DDA6594075}.Debug|Any CPU.ActiveCfg = Debug|Any CPU
		{63D6C409-58EB-4033-87E0-E0DDA6594075}.Debug|Any CPU.Build.0 = Debug|Any CPU
		{63D6C409-58EB-4033-87E0-E0DDA6594075}.Debug|Itanium.ActiveCfg = Debug|Any CPU
		{63D6C409-58EB-4033-87E0-E0DDA6594075}.Debug|x64.ActiveCfg = Debug|Any CPU
		{63D6C409-58EB-4033-87E0-E0DDA6594075}.Debug|x86.ActiveCfg = Debug|Any CPU
		{63D6C409-58EB-4033-87E0-E0DDA6594075}.Release|Any CPU.ActiveCfg = Release|Any CPU
		{63D6C409-58EB-4033-87E0-E0DDA6594075}.Release|Any CPU.Build.0 = Release|Any CPU
		{63D6C409-58EB-4033-87E0-E0DDA6594075}.Release|Itanium.ActiveCfg = Release|Any CPU
		{63D6C409-58EB-4033-87E0-E0DDA6594075}.Release|x64.ActiveCfg = Release|Any CPU
		{63D6C409-58EB-4033-87E0-E0DDA6594075}.Release|x86.ActiveCfg = Release|Any CPU
		{CB56F285-02AE-4816-9E8A-EC69991400E5}.Debug|Any CPU.ActiveCfg = Debug|Any CPU
		{CB56F285-02AE-4816-9E8A-EC69991400E5}.Debug|Any CPU.Build.0 = Debug|Any CPU
		{CB56F285-02AE-4816-9E8A-EC69991400E5}.Debug|Itanium.ActiveCfg = Debug|Any CPU
		{CB56F285-02AE-4816-9E8A-EC69991400E5}.Debug|x64.ActiveCfg = Debug|Any CPU
		{CB56F285-02AE-4816-9E8A-EC69991400E5}.Debug|x86.ActiveCfg = Debug|Any CPU
		{CB56F285-02AE-4816-9E8A-EC69991400E5}.Release|Any CPU.ActiveCfg = Release|Any CPU
		{CB56F285-02AE-4816-9E8A-EC69991400E5}.Release|Any CPU.Build.0 = Release|Any CPU
		{CB56F285-02AE-4816-9E8A-EC69991400E5}.Release|Itanium.ActiveCfg = Release|Any CPU
		{CB56F285-02AE-4816-9E8A-EC69991400E5}.Release|x64.ActiveCfg = Release|Any CPU
		{CB56F285-02AE-4816-9E8A-EC69991400E5}.Release|x86.ActiveCfg = Release|Any CPU
		{3CEAC898-BFCA-45EA-BF34-C4BBB85D2DA4}.Debug|Any CPU.ActiveCfg = Debug|Any CPU
		{3CEAC898-BFCA-45EA-BF34-C4BBB85D2DA4}.Debug|Any CPU.Build.0 = Debug|Any CPU
		{3CEAC898-BFCA-45EA-BF34-C4BBB85D2DA4}.Debug|Itanium.ActiveCfg = Debug|Any CPU
		{3CEAC898-BFCA-45EA-BF34-C4BBB85D2DA4}.Debug|x64.ActiveCfg = Debug|Any CPU
		{3CEAC898-BFCA-45EA-BF34-C4BBB85D2DA4}.Debug|x86.ActiveCfg = Debug|Any CPU
		{3CEAC898-BFCA-45EA-BF34-C4BBB85D2DA4}.Release|Any CPU.ActiveCfg = Release|Any CPU
		{3CEAC898-BFCA-45EA-BF34-C4BBB85D2DA4}.Release|Any CPU.Build.0 = Release|Any CPU
		{3CEAC898-BFCA-45EA-BF34-C4BBB85D2DA4}.Release|Itanium.ActiveCfg = Release|Any CPU
		{3CEAC898-BFCA-45EA-BF34-C4BBB85D2DA4}.Release|x64.ActiveCfg = Release|Any CPU
		{3CEAC898-BFCA-45EA-BF34-C4BBB85D2DA4}.Release|x86.ActiveCfg = Release|Any CPU
		{527583DE-BD66-461E-8965-F451A6CBE823}.Debug|Any CPU.ActiveCfg = Debug|Any CPU
		{527583DE-BD66-461E-8965-F451A6CBE823}.Debug|Any CPU.Build.0 = Debug|Any CPU
		{527583DE-BD66-461E-8965-F451A6CBE823}.Debug|Itanium.ActiveCfg = Debug|Any CPU
		{527583DE-BD66-461E-8965-F451A6CBE823}.Debug|x64.ActiveCfg = Debug|Any CPU
		{527583DE-BD66-461E-8965-F451A6CBE823}.Debug|x86.ActiveCfg = Debug|Any CPU
		{527583DE-BD66-461E-8965-F451A6CBE823}.Release|Any CPU.ActiveCfg = Release|Any CPU
		{527583DE-BD66-461E-8965-F451A6CBE823}.Release|Any CPU.Build.0 = Release|Any CPU
		{527583DE-BD66-461E-8965-F451A6CBE823}.Release|Itanium.ActiveCfg = Release|Any CPU
		{527583DE-BD66-461E-8965-F451A6CBE823}.Release|x64.ActiveCfg = Release|Any CPU
		{527583DE-BD66-461E-8965-F451A6CBE823}.Release|x86.ActiveCfg = Release|Any CPU
		{8AEF23B2-9E44-40A1-A74E-CF7348B45B62}.Debug|Any CPU.ActiveCfg = Debug|Any CPU
		{8AEF23B2-9E44-40A1-A74E-CF7348B45B62}.Debug|Any CPU.Build.0 = Debug|Any CPU
		{8AEF23B2-9E44-40A1-A74E-CF7348B45B62}.Debug|Itanium.ActiveCfg = Debug|Any CPU
		{8AEF23B2-9E44-40A1-A74E-CF7348B45B62}.Debug|x64.ActiveCfg = Debug|Any CPU
		{8AEF23B2-9E44-40A1-A74E-CF7348B45B62}.Debug|x86.ActiveCfg = Debug|Any CPU
		{8AEF23B2-9E44-40A1-A74E-CF7348B45B62}.Release|Any CPU.ActiveCfg = Release|Any CPU
		{8AEF23B2-9E44-40A1-A74E-CF7348B45B62}.Release|Any CPU.Build.0 = Release|Any CPU
		{8AEF23B2-9E44-40A1-A74E-CF7348B45B62}.Release|Itanium.ActiveCfg = Release|Any CPU
		{8AEF23B2-9E44-40A1-A74E-CF7348B45B62}.Release|x64.ActiveCfg = Release|Any CPU
		{8AEF23B2-9E44-40A1-A74E-CF7348B45B62}.Release|x86.ActiveCfg = Release|Any CPU
		{71AB07AD-4D94-4693-8560-47862E5B6E61}.Debug|Any CPU.ActiveCfg = Debug|Any CPU
		{71AB07AD-4D94-4693-8560-47862E5B6E61}.Debug|Any CPU.Build.0 = Debug|Any CPU
		{71AB07AD-4D94-4693-8560-47862E5B6E61}.Debug|Itanium.ActiveCfg = Debug|Itanium
		{71AB07AD-4D94-4693-8560-47862E5B6E61}.Debug|Itanium.Build.0 = Debug|Itanium
		{71AB07AD-4D94-4693-8560-47862E5B6E61}.Debug|x64.ActiveCfg = Debug|x64
		{71AB07AD-4D94-4693-8560-47862E5B6E61}.Debug|x64.Build.0 = Debug|x64
		{71AB07AD-4D94-4693-8560-47862E5B6E61}.Debug|x86.ActiveCfg = Debug|x86
		{71AB07AD-4D94-4693-8560-47862E5B6E61}.Debug|x86.Build.0 = Debug|x86
		{71AB07AD-4D94-4693-8560-47862E5B6E61}.Release|Any CPU.ActiveCfg = Release|Any CPU
		{71AB07AD-4D94-4693-8560-47862E5B6E61}.Release|Any CPU.Build.0 = Release|Any CPU
		{71AB07AD-4D94-4693-8560-47862E5B6E61}.Release|Itanium.ActiveCfg = Release|Itanium
		{71AB07AD-4D94-4693-8560-47862E5B6E61}.Release|Itanium.Build.0 = Release|Itanium
		{71AB07AD-4D94-4693-8560-47862E5B6E61}.Release|x64.ActiveCfg = Release|x64
		{71AB07AD-4D94-4693-8560-47862E5B6E61}.Release|x64.Build.0 = Release|x64
		{71AB07AD-4D94-4693-8560-47862E5B6E61}.Release|x86.ActiveCfg = Release|x86
		{71AB07AD-4D94-4693-8560-47862E5B6E61}.Release|x86.Build.0 = Release|x86
		{DDD3B520-1F43-4EEF-A2A9-FC621424090A}.Debug|Any CPU.ActiveCfg = Debug|Any CPU
		{DDD3B520-1F43-4EEF-A2A9-FC621424090A}.Debug|Any CPU.Build.0 = Debug|Any CPU
		{DDD3B520-1F43-4EEF-A2A9-FC621424090A}.Debug|Itanium.ActiveCfg = Debug|Any CPU
		{DDD3B520-1F43-4EEF-A2A9-FC621424090A}.Debug|x64.ActiveCfg = Debug|Any CPU
		{DDD3B520-1F43-4EEF-A2A9-FC621424090A}.Debug|x86.ActiveCfg = Debug|Any CPU
		{DDD3B520-1F43-4EEF-A2A9-FC621424090A}.Release|Any CPU.ActiveCfg = Release|Any CPU
		{DDD3B520-1F43-4EEF-A2A9-FC621424090A}.Release|Any CPU.Build.0 = Release|Any CPU
		{DDD3B520-1F43-4EEF-A2A9-FC621424090A}.Release|Itanium.ActiveCfg = Release|Any CPU
		{DDD3B520-1F43-4EEF-A2A9-FC621424090A}.Release|x64.ActiveCfg = Release|Any CPU
		{DDD3B520-1F43-4EEF-A2A9-FC621424090A}.Release|x86.ActiveCfg = Release|Any CPU
		{77D1AEF7-AA59-4B5A-B114-E0C1EBE1B3C9}.Debug|Any CPU.ActiveCfg = Debug|Any CPU
		{77D1AEF7-AA59-4B5A-B114-E0C1EBE1B3C9}.Debug|Any CPU.Build.0 = Debug|Any CPU
		{77D1AEF7-AA59-4B5A-B114-E0C1EBE1B3C9}.Debug|Itanium.ActiveCfg = Debug|Any CPU
		{77D1AEF7-AA59-4B5A-B114-E0C1EBE1B3C9}.Debug|x64.ActiveCfg = Debug|Any CPU
		{77D1AEF7-AA59-4B5A-B114-E0C1EBE1B3C9}.Debug|x86.ActiveCfg = Debug|Any CPU
		{77D1AEF7-AA59-4B5A-B114-E0C1EBE1B3C9}.Release|Any CPU.ActiveCfg = Release|Any CPU
		{77D1AEF7-AA59-4B5A-B114-E0C1EBE1B3C9}.Release|Any CPU.Build.0 = Release|Any CPU
		{77D1AEF7-AA59-4B5A-B114-E0C1EBE1B3C9}.Release|Itanium.ActiveCfg = Release|Any CPU
		{77D1AEF7-AA59-4B5A-B114-E0C1EBE1B3C9}.Release|x64.ActiveCfg = Release|Any CPU
		{77D1AEF7-AA59-4B5A-B114-E0C1EBE1B3C9}.Release|x86.ActiveCfg = Release|Any CPU
	EndGlobalSection
	GlobalSection(SolutionProperties) = preSolution
		HideSolutionNode = FALSE
	EndGlobalSection
	GlobalSection(NestedProjects) = preSolution
		{63D6C409-58EB-4033-87E0-E0DDA6594075} = {7E3CCEE1-EEFC-48D3-823B-2E7CA4FEE88C}
		{CB56F285-02AE-4816-9E8A-EC69991400E5} = {7E3CCEE1-EEFC-48D3-823B-2E7CA4FEE88C}
		{3CEAC898-BFCA-45EA-BF34-C4BBB85D2DA4} = {7E3CCEE1-EEFC-48D3-823B-2E7CA4FEE88C}
		{527583DE-BD66-461E-8965-F451A6CBE823} = {7E3CCEE1-EEFC-48D3-823B-2E7CA4FEE88C}
		{8AEF23B2-9E44-40A1-A74E-CF7348B45B62} = {7E3CCEE1-EEFC-48D3-823B-2E7CA4FEE88C}
		{71AB07AD-4D94-4693-8560-47862E5B6E61} = {7E3CCEE1-EEFC-48D3-823B-2E7CA4FEE88C}
		{DDD3B520-1F43-4EEF-A2A9-FC621424090A} = {7E3CCEE1-EEFC-48D3-823B-2E7CA4FEE88C}
		{77D1AEF7-AA59-4B5A-B114-E0C1EBE1B3C9} = {7E3CCEE1-EEFC-48D3-823B-2E7CA4FEE88C}
	EndGlobalSection
	GlobalSection(ExtensibilityGlobals) = postSolution
		BuildVersion_BuildVersioningStyle = None.None.None.Increment
		BuildVersion_UpdateAssemblyVersion = True
		BuildVersion_UpdateFileVersion = True
		BuildVersion_AssemblyInfoFilename = SolutionAssemblyInfo.cs
	EndGlobalSection
EndGlobal
