
Microsoft Visual Studio Solution File, Format Version 12.00
# Visual Studio 2012
Project("{FAE04EC0-301F-11D3-BF4B-00C04F79EFBC}") = "ChatEngine", "Server\ChatEngine\ChatEngine.csproj", "{B3514F3D-2D74-4DCF-BAB0-05FAAAFFDD83}"
	ProjectSection(ProjectDependencies) = postProject
		{CA8044C8-3283-4382-8B47-3CA7972692F9} = {CA8044C8-3283-4382-8B47-3CA7972692F9}
	EndProjectSection
EndProject
Project("{FAE04EC0-301F-11D3-BF4B-00C04F79EFBC}") = "ZoneEngine", "Server\ZoneEngine\ZoneEngine.csproj", "{60385925-84F5-4893-A5E0-C8C1D1190790}"
EndProject
Project("{FAE04EC0-301F-11D3-BF4B-00C04F79EFBC}") = "LoginEngine", "Server\LoginEngine\LoginEngine.csproj", "{CA8044C8-3283-4382-8B47-3CA7972692F9}"
	ProjectSection(ProjectDependencies) = postProject
		{60385925-84F5-4893-A5E0-C8C1D1190790} = {60385925-84F5-4893-A5E0-C8C1D1190790}
	EndProjectSection
EndProject
Project("{2150E333-8FDC-42A3-9474-1A3956D46DE8}") = "Libraries", "Libraries", "{7E3CCEE1-EEFC-48D3-823B-2E7CA4FEE88C}"
EndProject
Project("{FAE04EC0-301F-11D3-BF4B-00C04F79EFBC}") = "CellAO.Database", "Libraries\Source\CellAO.Database\CellAO.Database.csproj", "{63D6C409-58EB-4033-87E0-E0DDA6594075}"
EndProject
Project("{2150E333-8FDC-42A3-9474-1A3956D46DE8}") = "Solution Items", "Solution Items", "{BD319BA9-7666-49DD-9CAE-51C23AC78581}"
	ProjectSection(SolutionItems) = preProject
		Config\Config.xml = Config\Config.xml
		Datafiles\items.dat = Datafiles\items.dat
		Datafiles\nanos.dat = Datafiles\nanos.dat
		SolutionAssemblyInfo.cs = SolutionAssemblyInfo.cs
	EndProjectSection
EndProject
Project("{FAE04EC0-301F-11D3-BF4B-00C04F79EFBC}") = "Utility", "Libraries\Source\Utility\Utility.csproj", "{CB56F285-02AE-4816-9E8A-EC69991400E5}"
EndProject
Project("{FAE04EC0-301F-11D3-BF4B-00C04F79EFBC}") = "SmokeLounge.AOtomation.Messaging", "..\..\AOtomation.Messaging\src\SmokeLounge.AOtomation.Messaging\SmokeLounge.AOtomation.Messaging.csproj", "{3CEAC898-BFCA-45EA-BF34-C4BBB85D2DA4}"
EndProject
Project("{2150E333-8FDC-42A3-9474-1A3956D46DE8}") = ".nuget", ".nuget", "{4E4DA273-F44E-4CCF-BED5-C21784477F8F}"
	ProjectSection(SolutionItems) = preProject
		.nuget\NuGet.Config = .nuget\NuGet.Config
		.nuget\NuGet.exe = .nuget\NuGet.exe
		.nuget\NuGet.targets = .nuget\NuGet.targets
	EndProjectSection
EndProject
Project("{FAE04EC0-301F-11D3-BF4B-00C04F79EFBC}") = "CellAO.Core", "Libraries\Source\CellAO.Core\CellAO.Core.csproj", "{8AEF23B2-9E44-40A1-A74E-CF7348B45B62}"
EndProject
Project("{FAE04EC0-301F-11D3-BF4B-00C04F79EFBC}") = "Cell.Core", "Libraries\Source\Cell.Core\Cell.Core.csproj", "{71AB07AD-4D94-4693-8560-47862E5B6E61}"
EndProject
Project("{FAE04EC0-301F-11D3-BF4B-00C04F79EFBC}") = "Exceptions", "Libraries\Source\Exceptions\Exceptions.csproj", "{DDD3B520-1F43-4EEF-A2A9-FC621424090A}"
EndProject
Project("{FAE04EC0-301F-11D3-BF4B-00C04F79EFBC}") = "Cell.Util", "Libraries\Source\Cell.Util\Cell.Util.csproj", "{77D1AEF7-AA59-4B5A-B114-E0C1EBE1B3C9}"
EndProject
Project("{2150E333-8FDC-42A3-9474-1A3956D46DE8}") = "Tools", "Tools", "{6A9A7146-702D-4F23-BC06-A385167ED6A4}"
EndProject
Project("{FAE04EC0-301F-11D3-BF4B-00C04F79EFBC}") = "Extractor Serializer", "..\Tools\Algorithman\Extractor Serializer\Extractor Serializer.csproj", "{2D8E1D1E-787A-4949-89B7-C10C3D1D0AF9}"
EndProject
Project("{FAE04EC0-301F-11D3-BF4B-00C04F79EFBC}") = "CellAO.Interfaces", "Libraries\Source\CellAO.Interfaces\CellAO.Interfaces.csproj", "{D53F0612-FEFE-4EAF-80AA-480F25C8DD76}"
EndProject
Project("{FAE04EC0-301F-11D3-BF4B-00C04F79EFBC}") = "CellAO.Enums", "Libraries\Source\CellAO.Enums\CellAO.Enums.csproj", "{0C09AF43-3456-4FD6-9041-D9A6D7C3F36C}"
EndProject
Project("{FAE04EC0-301F-11D3-BF4B-00C04F79EFBC}") = "NiceHexOutput", "Libraries\Source\NiceHexOutput\NiceHexOutput.csproj", "{2EA014B6-1118-4AD0-8602-33D476EFDD24}"
EndProject
Project("{FAE04EC0-301F-11D3-BF4B-00C04F79EFBC}") = "CellAO.Stats", "Libraries\Source\CellAO.Stats\CellAO.Stats.csproj", "{3E414ED6-3CAD-4C99-A35D-1802255DE3CB}"
EndProject
Global
	GlobalSection(SolutionConfigurationPlatforms) = preSolution
		Debug|Any CPU = Debug|Any CPU
		Debug|Itanium = Debug|Itanium
		Debug|Mixed Platforms = Debug|Mixed Platforms
		Debug|x64 = Debug|x64
		Debug|x86 = Debug|x86
		Release|Any CPU = Release|Any CPU
		Release|Itanium = Release|Itanium
		Release|Mixed Platforms = Release|Mixed Platforms
		Release|x64 = Release|x64
		Release|x86 = Release|x86
	EndGlobalSection
	GlobalSection(ProjectConfigurationPlatforms) = postSolution
		{B3514F3D-2D74-4DCF-BAB0-05FAAAFFDD83}.Debug|Any CPU.ActiveCfg = Debug|Any CPU
		{B3514F3D-2D74-4DCF-BAB0-05FAAAFFDD83}.Debug|Any CPU.Build.0 = Debug|Any CPU
		{B3514F3D-2D74-4DCF-BAB0-05FAAAFFDD83}.Debug|Itanium.ActiveCfg = Debug|Any CPU
		{B3514F3D-2D74-4DCF-BAB0-05FAAAFFDD83}.Debug|Mixed Platforms.ActiveCfg = Debug|Any CPU
		{B3514F3D-2D74-4DCF-BAB0-05FAAAFFDD83}.Debug|Mixed Platforms.Build.0 = Debug|Any CPU
		{B3514F3D-2D74-4DCF-BAB0-05FAAAFFDD83}.Debug|x64.ActiveCfg = Debug|Any CPU
		{B3514F3D-2D74-4DCF-BAB0-05FAAAFFDD83}.Debug|x86.ActiveCfg = Debug|Any CPU
		{B3514F3D-2D74-4DCF-BAB0-05FAAAFFDD83}.Release|Any CPU.ActiveCfg = Release|Any CPU
		{B3514F3D-2D74-4DCF-BAB0-05FAAAFFDD83}.Release|Any CPU.Build.0 = Release|Any CPU
		{B3514F3D-2D74-4DCF-BAB0-05FAAAFFDD83}.Release|Itanium.ActiveCfg = Release|Any CPU
		{B3514F3D-2D74-4DCF-BAB0-05FAAAFFDD83}.Release|Mixed Platforms.ActiveCfg = Release|Any CPU
		{B3514F3D-2D74-4DCF-BAB0-05FAAAFFDD83}.Release|Mixed Platforms.Build.0 = Release|Any CPU
		{B3514F3D-2D74-4DCF-BAB0-05FAAAFFDD83}.Release|x64.ActiveCfg = Release|Any CPU
		{B3514F3D-2D74-4DCF-BAB0-05FAAAFFDD83}.Release|x86.ActiveCfg = Release|Any CPU
		{60385925-84F5-4893-A5E0-C8C1D1190790}.Debug|Any CPU.ActiveCfg = Debug|Any CPU
		{60385925-84F5-4893-A5E0-C8C1D1190790}.Debug|Any CPU.Build.0 = Debug|Any CPU
		{60385925-84F5-4893-A5E0-C8C1D1190790}.Debug|Itanium.ActiveCfg = Debug|Any CPU
		{60385925-84F5-4893-A5E0-C8C1D1190790}.Debug|Mixed Platforms.ActiveCfg = Debug|Any CPU
		{60385925-84F5-4893-A5E0-C8C1D1190790}.Debug|Mixed Platforms.Build.0 = Debug|Any CPU
		{60385925-84F5-4893-A5E0-C8C1D1190790}.Debug|x64.ActiveCfg = Debug|Any CPU
		{60385925-84F5-4893-A5E0-C8C1D1190790}.Debug|x86.ActiveCfg = Debug|Any CPU
		{60385925-84F5-4893-A5E0-C8C1D1190790}.Release|Any CPU.ActiveCfg = Release|Any CPU
		{60385925-84F5-4893-A5E0-C8C1D1190790}.Release|Any CPU.Build.0 = Release|Any CPU
		{60385925-84F5-4893-A5E0-C8C1D1190790}.Release|Itanium.ActiveCfg = Release|Any CPU
		{60385925-84F5-4893-A5E0-C8C1D1190790}.Release|Mixed Platforms.ActiveCfg = Release|Any CPU
		{60385925-84F5-4893-A5E0-C8C1D1190790}.Release|Mixed Platforms.Build.0 = Release|Any CPU
		{60385925-84F5-4893-A5E0-C8C1D1190790}.Release|x64.ActiveCfg = Release|Any CPU
		{60385925-84F5-4893-A5E0-C8C1D1190790}.Release|x86.ActiveCfg = Release|Any CPU
		{CA8044C8-3283-4382-8B47-3CA7972692F9}.Debug|Any CPU.ActiveCfg = Debug|Any CPU
		{CA8044C8-3283-4382-8B47-3CA7972692F9}.Debug|Any CPU.Build.0 = Debug|Any CPU
		{CA8044C8-3283-4382-8B47-3CA7972692F9}.Debug|Itanium.ActiveCfg = Debug|Any CPU
		{CA8044C8-3283-4382-8B47-3CA7972692F9}.Debug|Mixed Platforms.ActiveCfg = Debug|Any CPU
		{CA8044C8-3283-4382-8B47-3CA7972692F9}.Debug|Mixed Platforms.Build.0 = Debug|Any CPU
		{CA8044C8-3283-4382-8B47-3CA7972692F9}.Debug|x64.ActiveCfg = Debug|Any CPU
		{CA8044C8-3283-4382-8B47-3CA7972692F9}.Debug|x86.ActiveCfg = Debug|Any CPU
		{CA8044C8-3283-4382-8B47-3CA7972692F9}.Release|Any CPU.ActiveCfg = Release|Any CPU
		{CA8044C8-3283-4382-8B47-3CA7972692F9}.Release|Any CPU.Build.0 = Release|Any CPU
		{CA8044C8-3283-4382-8B47-3CA7972692F9}.Release|Itanium.ActiveCfg = Release|Any CPU
		{CA8044C8-3283-4382-8B47-3CA7972692F9}.Release|Mixed Platforms.ActiveCfg = Release|Any CPU
		{CA8044C8-3283-4382-8B47-3CA7972692F9}.Release|Mixed Platforms.Build.0 = Release|Any CPU
		{CA8044C8-3283-4382-8B47-3CA7972692F9}.Release|x64.ActiveCfg = Release|Any CPU
		{CA8044C8-3283-4382-8B47-3CA7972692F9}.Release|x86.ActiveCfg = Release|Any CPU
		{63D6C409-58EB-4033-87E0-E0DDA6594075}.Debug|Any CPU.ActiveCfg = Debug|Any CPU
		{63D6C409-58EB-4033-87E0-E0DDA6594075}.Debug|Any CPU.Build.0 = Debug|Any CPU
		{63D6C409-58EB-4033-87E0-E0DDA6594075}.Debug|Itanium.ActiveCfg = Debug|Any CPU
		{63D6C409-58EB-4033-87E0-E0DDA6594075}.Debug|Mixed Platforms.ActiveCfg = Debug|Any CPU
		{63D6C409-58EB-4033-87E0-E0DDA6594075}.Debug|Mixed Platforms.Build.0 = Debug|Any CPU
		{63D6C409-58EB-4033-87E0-E0DDA6594075}.Debug|x64.ActiveCfg = Debug|Any CPU
		{63D6C409-58EB-4033-87E0-E0DDA6594075}.Debug|x86.ActiveCfg = Debug|Any CPU
		{63D6C409-58EB-4033-87E0-E0DDA6594075}.Release|Any CPU.ActiveCfg = Release|Any CPU
		{63D6C409-58EB-4033-87E0-E0DDA6594075}.Release|Any CPU.Build.0 = Release|Any CPU
		{63D6C409-58EB-4033-87E0-E0DDA6594075}.Release|Itanium.ActiveCfg = Release|Any CPU
		{63D6C409-58EB-4033-87E0-E0DDA6594075}.Release|Mixed Platforms.ActiveCfg = Release|Any CPU
		{63D6C409-58EB-4033-87E0-E0DDA6594075}.Release|Mixed Platforms.Build.0 = Release|Any CPU
		{63D6C409-58EB-4033-87E0-E0DDA6594075}.Release|x64.ActiveCfg = Release|Any CPU
		{63D6C409-58EB-4033-87E0-E0DDA6594075}.Release|x86.ActiveCfg = Release|Any CPU
		{CB56F285-02AE-4816-9E8A-EC69991400E5}.Debug|Any CPU.ActiveCfg = Debug|Any CPU
		{CB56F285-02AE-4816-9E8A-EC69991400E5}.Debug|Any CPU.Build.0 = Debug|Any CPU
		{CB56F285-02AE-4816-9E8A-EC69991400E5}.Debug|Itanium.ActiveCfg = Debug|Any CPU
		{CB56F285-02AE-4816-9E8A-EC69991400E5}.Debug|Mixed Platforms.ActiveCfg = Debug|Any CPU
		{CB56F285-02AE-4816-9E8A-EC69991400E5}.Debug|Mixed Platforms.Build.0 = Debug|Any CPU
		{CB56F285-02AE-4816-9E8A-EC69991400E5}.Debug|x64.ActiveCfg = Debug|Any CPU
		{CB56F285-02AE-4816-9E8A-EC69991400E5}.Debug|x86.ActiveCfg = Debug|Any CPU
		{CB56F285-02AE-4816-9E8A-EC69991400E5}.Release|Any CPU.ActiveCfg = Release|Any CPU
		{CB56F285-02AE-4816-9E8A-EC69991400E5}.Release|Any CPU.Build.0 = Release|Any CPU
		{CB56F285-02AE-4816-9E8A-EC69991400E5}.Release|Itanium.ActiveCfg = Release|Any CPU
		{CB56F285-02AE-4816-9E8A-EC69991400E5}.Release|Mixed Platforms.ActiveCfg = Release|Any CPU
		{CB56F285-02AE-4816-9E8A-EC69991400E5}.Release|Mixed Platforms.Build.0 = Release|Any CPU
		{CB56F285-02AE-4816-9E8A-EC69991400E5}.Release|x64.ActiveCfg = Release|Any CPU
		{CB56F285-02AE-4816-9E8A-EC69991400E5}.Release|x86.ActiveCfg = Release|Any CPU
		{3CEAC898-BFCA-45EA-BF34-C4BBB85D2DA4}.Debug|Any CPU.ActiveCfg = Debug|Any CPU
		{3CEAC898-BFCA-45EA-BF34-C4BBB85D2DA4}.Debug|Any CPU.Build.0 = Debug|Any CPU
		{3CEAC898-BFCA-45EA-BF34-C4BBB85D2DA4}.Debug|Itanium.ActiveCfg = Debug|Any CPU
		{3CEAC898-BFCA-45EA-BF34-C4BBB85D2DA4}.Debug|Mixed Platforms.ActiveCfg = Debug|Any CPU
		{3CEAC898-BFCA-45EA-BF34-C4BBB85D2DA4}.Debug|Mixed Platforms.Build.0 = Debug|Any CPU
		{3CEAC898-BFCA-45EA-BF34-C4BBB85D2DA4}.Debug|x64.ActiveCfg = Debug|Any CPU
		{3CEAC898-BFCA-45EA-BF34-C4BBB85D2DA4}.Debug|x86.ActiveCfg = Debug|Any CPU
		{3CEAC898-BFCA-45EA-BF34-C4BBB85D2DA4}.Release|Any CPU.ActiveCfg = Release|Any CPU
		{3CEAC898-BFCA-45EA-BF34-C4BBB85D2DA4}.Release|Any CPU.Build.0 = Release|Any CPU
		{3CEAC898-BFCA-45EA-BF34-C4BBB85D2DA4}.Release|Itanium.ActiveCfg = Release|Any CPU
		{3CEAC898-BFCA-45EA-BF34-C4BBB85D2DA4}.Release|Mixed Platforms.ActiveCfg = Release|Any CPU
		{3CEAC898-BFCA-45EA-BF34-C4BBB85D2DA4}.Release|Mixed Platforms.Build.0 = Release|Any CPU
		{3CEAC898-BFCA-45EA-BF34-C4BBB85D2DA4}.Release|x64.ActiveCfg = Release|Any CPU
		{3CEAC898-BFCA-45EA-BF34-C4BBB85D2DA4}.Release|x86.ActiveCfg = Release|Any CPU
		{8AEF23B2-9E44-40A1-A74E-CF7348B45B62}.Debug|Any CPU.ActiveCfg = Debug|Any CPU
		{8AEF23B2-9E44-40A1-A74E-CF7348B45B62}.Debug|Any CPU.Build.0 = Debug|Any CPU
		{8AEF23B2-9E44-40A1-A74E-CF7348B45B62}.Debug|Itanium.ActiveCfg = Debug|Any CPU
		{8AEF23B2-9E44-40A1-A74E-CF7348B45B62}.Debug|Mixed Platforms.ActiveCfg = Debug|Any CPU
		{8AEF23B2-9E44-40A1-A74E-CF7348B45B62}.Debug|Mixed Platforms.Build.0 = Debug|Any CPU
		{8AEF23B2-9E44-40A1-A74E-CF7348B45B62}.Debug|x64.ActiveCfg = Debug|Any CPU
		{8AEF23B2-9E44-40A1-A74E-CF7348B45B62}.Debug|x86.ActiveCfg = Debug|Any CPU
		{8AEF23B2-9E44-40A1-A74E-CF7348B45B62}.Release|Any CPU.ActiveCfg = Release|Any CPU
		{8AEF23B2-9E44-40A1-A74E-CF7348B45B62}.Release|Any CPU.Build.0 = Release|Any CPU
		{8AEF23B2-9E44-40A1-A74E-CF7348B45B62}.Release|Itanium.ActiveCfg = Release|Any CPU
		{8AEF23B2-9E44-40A1-A74E-CF7348B45B62}.Release|Mixed Platforms.ActiveCfg = Release|Any CPU
		{8AEF23B2-9E44-40A1-A74E-CF7348B45B62}.Release|Mixed Platforms.Build.0 = Release|Any CPU
		{8AEF23B2-9E44-40A1-A74E-CF7348B45B62}.Release|x64.ActiveCfg = Release|Any CPU
		{8AEF23B2-9E44-40A1-A74E-CF7348B45B62}.Release|x86.ActiveCfg = Release|Any CPU
		{71AB07AD-4D94-4693-8560-47862E5B6E61}.Debug|Any CPU.ActiveCfg = Debug|Any CPU
		{71AB07AD-4D94-4693-8560-47862E5B6E61}.Debug|Any CPU.Build.0 = Debug|Any CPU
		{71AB07AD-4D94-4693-8560-47862E5B6E61}.Debug|Itanium.ActiveCfg = Debug|Any CPU
		{71AB07AD-4D94-4693-8560-47862E5B6E61}.Debug|Mixed Platforms.ActiveCfg = Debug|Any CPU
		{71AB07AD-4D94-4693-8560-47862E5B6E61}.Debug|Mixed Platforms.Build.0 = Debug|Any CPU
		{71AB07AD-4D94-4693-8560-47862E5B6E61}.Debug|x64.ActiveCfg = Debug|Any CPU
		{71AB07AD-4D94-4693-8560-47862E5B6E61}.Debug|x86.ActiveCfg = Debug|Any CPU
		{71AB07AD-4D94-4693-8560-47862E5B6E61}.Release|Any CPU.ActiveCfg = Release|Any CPU
		{71AB07AD-4D94-4693-8560-47862E5B6E61}.Release|Any CPU.Build.0 = Release|Any CPU
		{71AB07AD-4D94-4693-8560-47862E5B6E61}.Release|Itanium.ActiveCfg = Release|Any CPU
		{71AB07AD-4D94-4693-8560-47862E5B6E61}.Release|Mixed Platforms.ActiveCfg = Release|Any CPU
		{71AB07AD-4D94-4693-8560-47862E5B6E61}.Release|Mixed Platforms.Build.0 = Release|Any CPU
		{71AB07AD-4D94-4693-8560-47862E5B6E61}.Release|x64.ActiveCfg = Release|Any CPU
		{71AB07AD-4D94-4693-8560-47862E5B6E61}.Release|x86.ActiveCfg = Release|Any CPU
		{DDD3B520-1F43-4EEF-A2A9-FC621424090A}.Debug|Any CPU.ActiveCfg = Debug|Any CPU
		{DDD3B520-1F43-4EEF-A2A9-FC621424090A}.Debug|Any CPU.Build.0 = Debug|Any CPU
		{DDD3B520-1F43-4EEF-A2A9-FC621424090A}.Debug|Itanium.ActiveCfg = Debug|Any CPU
		{DDD3B520-1F43-4EEF-A2A9-FC621424090A}.Debug|Mixed Platforms.ActiveCfg = Debug|Any CPU
		{DDD3B520-1F43-4EEF-A2A9-FC621424090A}.Debug|Mixed Platforms.Build.0 = Debug|Any CPU
		{DDD3B520-1F43-4EEF-A2A9-FC621424090A}.Debug|x64.ActiveCfg = Debug|Any CPU
		{DDD3B520-1F43-4EEF-A2A9-FC621424090A}.Debug|x86.ActiveCfg = Debug|Any CPU
		{DDD3B520-1F43-4EEF-A2A9-FC621424090A}.Release|Any CPU.ActiveCfg = Release|Any CPU
		{DDD3B520-1F43-4EEF-A2A9-FC621424090A}.Release|Any CPU.Build.0 = Release|Any CPU
		{DDD3B520-1F43-4EEF-A2A9-FC621424090A}.Release|Itanium.ActiveCfg = Release|Any CPU
		{DDD3B520-1F43-4EEF-A2A9-FC621424090A}.Release|Mixed Platforms.ActiveCfg = Release|Any CPU
		{DDD3B520-1F43-4EEF-A2A9-FC621424090A}.Release|Mixed Platforms.Build.0 = Release|Any CPU
		{DDD3B520-1F43-4EEF-A2A9-FC621424090A}.Release|x64.ActiveCfg = Release|Any CPU
		{DDD3B520-1F43-4EEF-A2A9-FC621424090A}.Release|x86.ActiveCfg = Release|Any CPU
		{77D1AEF7-AA59-4B5A-B114-E0C1EBE1B3C9}.Debug|Any CPU.ActiveCfg = Debug|Any CPU
		{77D1AEF7-AA59-4B5A-B114-E0C1EBE1B3C9}.Debug|Any CPU.Build.0 = Debug|Any CPU
		{77D1AEF7-AA59-4B5A-B114-E0C1EBE1B3C9}.Debug|Itanium.ActiveCfg = Debug|Any CPU
		{77D1AEF7-AA59-4B5A-B114-E0C1EBE1B3C9}.Debug|Mixed Platforms.ActiveCfg = Debug|Any CPU
		{77D1AEF7-AA59-4B5A-B114-E0C1EBE1B3C9}.Debug|Mixed Platforms.Build.0 = Debug|Any CPU
		{77D1AEF7-AA59-4B5A-B114-E0C1EBE1B3C9}.Debug|x64.ActiveCfg = Debug|Any CPU
		{77D1AEF7-AA59-4B5A-B114-E0C1EBE1B3C9}.Debug|x86.ActiveCfg = Debug|Any CPU
		{77D1AEF7-AA59-4B5A-B114-E0C1EBE1B3C9}.Release|Any CPU.ActiveCfg = Release|Any CPU
		{77D1AEF7-AA59-4B5A-B114-E0C1EBE1B3C9}.Release|Any CPU.Build.0 = Release|Any CPU
		{77D1AEF7-AA59-4B5A-B114-E0C1EBE1B3C9}.Release|Itanium.ActiveCfg = Release|Any CPU
		{77D1AEF7-AA59-4B5A-B114-E0C1EBE1B3C9}.Release|Mixed Platforms.ActiveCfg = Release|Any CPU
		{77D1AEF7-AA59-4B5A-B114-E0C1EBE1B3C9}.Release|Mixed Platforms.Build.0 = Release|Any CPU
		{77D1AEF7-AA59-4B5A-B114-E0C1EBE1B3C9}.Release|x64.ActiveCfg = Release|Any CPU
		{77D1AEF7-AA59-4B5A-B114-E0C1EBE1B3C9}.Release|x86.ActiveCfg = Release|Any CPU
		{2D8E1D1E-787A-4949-89B7-C10C3D1D0AF9}.Debug|Any CPU.ActiveCfg = Debug|Any CPU
		{2D8E1D1E-787A-4949-89B7-C10C3D1D0AF9}.Debug|Any CPU.Build.0 = Debug|Any CPU
		{2D8E1D1E-787A-4949-89B7-C10C3D1D0AF9}.Debug|Itanium.ActiveCfg = Debug|Any CPU
		{2D8E1D1E-787A-4949-89B7-C10C3D1D0AF9}.Debug|Mixed Platforms.ActiveCfg = Debug|Any CPU
		{2D8E1D1E-787A-4949-89B7-C10C3D1D0AF9}.Debug|Mixed Platforms.Build.0 = Debug|Any CPU
		{2D8E1D1E-787A-4949-89B7-C10C3D1D0AF9}.Debug|x64.ActiveCfg = Debug|Any CPU
		{2D8E1D1E-787A-4949-89B7-C10C3D1D0AF9}.Debug|x86.ActiveCfg = Debug|Any CPU
		{2D8E1D1E-787A-4949-89B7-C10C3D1D0AF9}.Release|Any CPU.ActiveCfg = Release|Any CPU
		{2D8E1D1E-787A-4949-89B7-C10C3D1D0AF9}.Release|Any CPU.Build.0 = Release|Any CPU
		{2D8E1D1E-787A-4949-89B7-C10C3D1D0AF9}.Release|Itanium.ActiveCfg = Release|Any CPU
		{2D8E1D1E-787A-4949-89B7-C10C3D1D0AF9}.Release|Mixed Platforms.ActiveCfg = Release|Any CPU
		{2D8E1D1E-787A-4949-89B7-C10C3D1D0AF9}.Release|Mixed Platforms.Build.0 = Release|Any CPU
		{2D8E1D1E-787A-4949-89B7-C10C3D1D0AF9}.Release|x64.ActiveCfg = Release|Any CPU
		{2D8E1D1E-787A-4949-89B7-C10C3D1D0AF9}.Release|x86.ActiveCfg = Release|Any CPU
		{D53F0612-FEFE-4EAF-80AA-480F25C8DD76}.Debug|Any CPU.ActiveCfg = Debug|Any CPU
		{D53F0612-FEFE-4EAF-80AA-480F25C8DD76}.Debug|Any CPU.Build.0 = Debug|Any CPU
		{D53F0612-FEFE-4EAF-80AA-480F25C8DD76}.Debug|Itanium.ActiveCfg = Debug|Any CPU
		{D53F0612-FEFE-4EAF-80AA-480F25C8DD76}.Debug|Mixed Platforms.ActiveCfg = Debug|Any CPU
		{D53F0612-FEFE-4EAF-80AA-480F25C8DD76}.Debug|Mixed Platforms.Build.0 = Debug|Any CPU
		{D53F0612-FEFE-4EAF-80AA-480F25C8DD76}.Debug|x64.ActiveCfg = Debug|Any CPU
		{D53F0612-FEFE-4EAF-80AA-480F25C8DD76}.Debug|x86.ActiveCfg = Debug|Any CPU
		{D53F0612-FEFE-4EAF-80AA-480F25C8DD76}.Release|Any CPU.ActiveCfg = Release|Any CPU
		{D53F0612-FEFE-4EAF-80AA-480F25C8DD76}.Release|Any CPU.Build.0 = Release|Any CPU
		{D53F0612-FEFE-4EAF-80AA-480F25C8DD76}.Release|Itanium.ActiveCfg = Release|Any CPU
		{D53F0612-FEFE-4EAF-80AA-480F25C8DD76}.Release|Mixed Platforms.ActiveCfg = Release|Any CPU
		{D53F0612-FEFE-4EAF-80AA-480F25C8DD76}.Release|Mixed Platforms.Build.0 = Release|Any CPU
		{D53F0612-FEFE-4EAF-80AA-480F25C8DD76}.Release|x64.ActiveCfg = Release|Any CPU
		{D53F0612-FEFE-4EAF-80AA-480F25C8DD76}.Release|x86.ActiveCfg = Release|Any CPU
		{0C09AF43-3456-4FD6-9041-D9A6D7C3F36C}.Debug|Any CPU.ActiveCfg = Debug|Any CPU
		{0C09AF43-3456-4FD6-9041-D9A6D7C3F36C}.Debug|Any CPU.Build.0 = Debug|Any CPU
		{0C09AF43-3456-4FD6-9041-D9A6D7C3F36C}.Debug|Itanium.ActiveCfg = Debug|Any CPU
		{0C09AF43-3456-4FD6-9041-D9A6D7C3F36C}.Debug|Mixed Platforms.ActiveCfg = Debug|Any CPU
		{0C09AF43-3456-4FD6-9041-D9A6D7C3F36C}.Debug|Mixed Platforms.Build.0 = Debug|Any CPU
		{0C09AF43-3456-4FD6-9041-D9A6D7C3F36C}.Debug|x64.ActiveCfg = Debug|Any CPU
		{0C09AF43-3456-4FD6-9041-D9A6D7C3F36C}.Debug|x86.ActiveCfg = Debug|Any CPU
		{0C09AF43-3456-4FD6-9041-D9A6D7C3F36C}.Release|Any CPU.ActiveCfg = Release|Any CPU
		{0C09AF43-3456-4FD6-9041-D9A6D7C3F36C}.Release|Any CPU.Build.0 = Release|Any CPU
		{0C09AF43-3456-4FD6-9041-D9A6D7C3F36C}.Release|Itanium.ActiveCfg = Release|Any CPU
		{0C09AF43-3456-4FD6-9041-D9A6D7C3F36C}.Release|Mixed Platforms.ActiveCfg = Release|Any CPU
		{0C09AF43-3456-4FD6-9041-D9A6D7C3F36C}.Release|Mixed Platforms.Build.0 = Release|Any CPU
		{0C09AF43-3456-4FD6-9041-D9A6D7C3F36C}.Release|x64.ActiveCfg = Release|Any CPU
		{0C09AF43-3456-4FD6-9041-D9A6D7C3F36C}.Release|x86.ActiveCfg = Release|Any CPU
		{2EA014B6-1118-4AD0-8602-33D476EFDD24}.Debug|Any CPU.ActiveCfg = Debug|Any CPU
		{2EA014B6-1118-4AD0-8602-33D476EFDD24}.Debug|Any CPU.Build.0 = Debug|Any CPU
		{2EA014B6-1118-4AD0-8602-33D476EFDD24}.Debug|Itanium.ActiveCfg = Debug|Any CPU
		{2EA014B6-1118-4AD0-8602-33D476EFDD24}.Debug|Mixed Platforms.ActiveCfg = Debug|Any CPU
		{2EA014B6-1118-4AD0-8602-33D476EFDD24}.Debug|Mixed Platforms.Build.0 = Debug|Any CPU
		{2EA014B6-1118-4AD0-8602-33D476EFDD24}.Debug|x64.ActiveCfg = Debug|Any CPU
		{2EA014B6-1118-4AD0-8602-33D476EFDD24}.Debug|x86.ActiveCfg = Debug|Any CPU
		{2EA014B6-1118-4AD0-8602-33D476EFDD24}.Release|Any CPU.ActiveCfg = Release|Any CPU
		{2EA014B6-1118-4AD0-8602-33D476EFDD24}.Release|Any CPU.Build.0 = Release|Any CPU
		{2EA014B6-1118-4AD0-8602-33D476EFDD24}.Release|Itanium.ActiveCfg = Release|Any CPU
		{2EA014B6-1118-4AD0-8602-33D476EFDD24}.Release|Mixed Platforms.ActiveCfg = Release|Any CPU
		{2EA014B6-1118-4AD0-8602-33D476EFDD24}.Release|Mixed Platforms.Build.0 = Release|Any CPU
		{2EA014B6-1118-4AD0-8602-33D476EFDD24}.Release|x64.ActiveCfg = Release|Any CPU
		{2EA014B6-1118-4AD0-8602-33D476EFDD24}.Release|x86.ActiveCfg = Release|Any CPU
		{3E414ED6-3CAD-4C99-A35D-1802255DE3CB}.Debug|Any CPU.ActiveCfg = Debug|Any CPU
		{3E414ED6-3CAD-4C99-A35D-1802255DE3CB}.Debug|Any CPU.Build.0 = Debug|Any CPU
		{3E414ED6-3CAD-4C99-A35D-1802255DE3CB}.Debug|Itanium.ActiveCfg = Debug|Any CPU
		{3E414ED6-3CAD-4C99-A35D-1802255DE3CB}.Debug|Mixed Platforms.ActiveCfg = Debug|Any CPU
		{3E414ED6-3CAD-4C99-A35D-1802255DE3CB}.Debug|Mixed Platforms.Build.0 = Debug|Any CPU
		{3E414ED6-3CAD-4C99-A35D-1802255DE3CB}.Debug|x64.ActiveCfg = Debug|Any CPU
		{3E414ED6-3CAD-4C99-A35D-1802255DE3CB}.Debug|x86.ActiveCfg = Debug|Any CPU
		{3E414ED6-3CAD-4C99-A35D-1802255DE3CB}.Release|Any CPU.ActiveCfg = Release|Any CPU
		{3E414ED6-3CAD-4C99-A35D-1802255DE3CB}.Release|Any CPU.Build.0 = Release|Any CPU
		{3E414ED6-3CAD-4C99-A35D-1802255DE3CB}.Release|Itanium.ActiveCfg = Release|Any CPU
		{3E414ED6-3CAD-4C99-A35D-1802255DE3CB}.Release|Mixed Platforms.ActiveCfg = Release|Any CPU
		{3E414ED6-3CAD-4C99-A35D-1802255DE3CB}.Release|Mixed Platforms.Build.0 = Release|Any CPU
		{3E414ED6-3CAD-4C99-A35D-1802255DE3CB}.Release|x64.ActiveCfg = Release|Any CPU
		{3E414ED6-3CAD-4C99-A35D-1802255DE3CB}.Release|x86.ActiveCfg = Release|Any CPU
	EndGlobalSection
	GlobalSection(SolutionProperties) = preSolution
		HideSolutionNode = FALSE
	EndGlobalSection
	GlobalSection(NestedProjects) = preSolution
		{63D6C409-58EB-4033-87E0-E0DDA6594075} = {7E3CCEE1-EEFC-48D3-823B-2E7CA4FEE88C}
		{CB56F285-02AE-4816-9E8A-EC69991400E5} = {7E3CCEE1-EEFC-48D3-823B-2E7CA4FEE88C}
		{3CEAC898-BFCA-45EA-BF34-C4BBB85D2DA4} = {7E3CCEE1-EEFC-48D3-823B-2E7CA4FEE88C}
		{8AEF23B2-9E44-40A1-A74E-CF7348B45B62} = {7E3CCEE1-EEFC-48D3-823B-2E7CA4FEE88C}
		{71AB07AD-4D94-4693-8560-47862E5B6E61} = {7E3CCEE1-EEFC-48D3-823B-2E7CA4FEE88C}
		{DDD3B520-1F43-4EEF-A2A9-FC621424090A} = {7E3CCEE1-EEFC-48D3-823B-2E7CA4FEE88C}
		{77D1AEF7-AA59-4B5A-B114-E0C1EBE1B3C9} = {7E3CCEE1-EEFC-48D3-823B-2E7CA4FEE88C}
		{D53F0612-FEFE-4EAF-80AA-480F25C8DD76} = {7E3CCEE1-EEFC-48D3-823B-2E7CA4FEE88C}
		{0C09AF43-3456-4FD6-9041-D9A6D7C3F36C} = {7E3CCEE1-EEFC-48D3-823B-2E7CA4FEE88C}
		{2EA014B6-1118-4AD0-8602-33D476EFDD24} = {7E3CCEE1-EEFC-48D3-823B-2E7CA4FEE88C}
		{3E414ED6-3CAD-4C99-A35D-1802255DE3CB} = {7E3CCEE1-EEFC-48D3-823B-2E7CA4FEE88C}
		{2D8E1D1E-787A-4949-89B7-C10C3D1D0AF9} = {6A9A7146-702D-4F23-BC06-A385167ED6A4}
	EndGlobalSection
	GlobalSection(ExtensibilityGlobals) = postSolution
		BuildVersion_BuildVersioningStyle = None.None.None.Increment
		BuildVersion_UpdateAssemblyVersion = True
		BuildVersion_UpdateFileVersion = True
		BuildVersion_AssemblyInfoFilename = SolutionAssemblyInfo.cs
	EndGlobalSection
EndGlobal
